// !$*UTF8*$!
{
	archiveVersion = 1;
	classes = {
	};
	objectVersion = 56;
	objects = {

/* Begin PBXBuildFile section */
		3F8D1B182ABD1C1C004C1B21 /* FriendsLocationStatusView.swift in Sources */ = {isa = PBXBuildFile; fileRef = 3F8D1B172ABD1C1C004C1B21 /* FriendsLocationStatusView.swift */; };
		8B56E9922ABBD9C3006CE010 /* .swiftlint.yml in Resources */ = {isa = PBXBuildFile; fileRef = 8B56E9912ABBD9C3006CE010 /* .swiftlint.yml */; };
		8B7D70282ABD732900497C1E /* ProfileImageView.swift in Sources */ = {isa = PBXBuildFile; fileRef = 8B7D70272ABD732900497C1E /* ProfileImageView.swift */; };
		C04607202ABC355F006836B7 /* PromiseDetailStore.swift in Sources */ = {isa = PBXBuildFile; fileRef = C046071F2ABC355F006836B7 /* PromiseDetailStore.swift */; };
		C04BCDC92ABD89C10024B487 /* ShareView.swift in Sources */ = {isa = PBXBuildFile; fileRef = C04BCDC82ABD89C10024B487 /* ShareView.swift */; };
		C069D2BC2AC145D100A62E04 /* AppsFlyerLib in Frameworks */ = {isa = PBXBuildFile; productRef = C069D2BB2AC145D100A62E04 /* AppsFlyerLib */; };
		FA7588992ABC36F50050446D /* PromiseTestData.swift in Sources */ = {isa = PBXBuildFile; fileRef = FA7588982ABC36F50050446D /* PromiseTestData.swift */; };
		FAB58B882ABD1879006B9E11 /* FirebaseAuth in Frameworks */ = {isa = PBXBuildFile; productRef = FAB58B872ABD1879006B9E11 /* FirebaseAuth */; };
		FAB58B8E2ABD1879006B9E11 /* FirebaseDatabase in Frameworks */ = {isa = PBXBuildFile; productRef = FAB58B8D2ABD1879006B9E11 /* FirebaseDatabase */; };
		FAB58B902ABD1879006B9E11 /* FirebaseDatabaseSwift in Frameworks */ = {isa = PBXBuildFile; productRef = FAB58B8F2ABD1879006B9E11 /* FirebaseDatabaseSwift */; };
		FAB58B942ABD1879006B9E11 /* FirebaseFirestore in Frameworks */ = {isa = PBXBuildFile; productRef = FAB58B932ABD1879006B9E11 /* FirebaseFirestore */; };
		FAB58B982ABD1879006B9E11 /* FirebaseFirestoreSwift in Frameworks */ = {isa = PBXBuildFile; productRef = FAB58B972ABD1879006B9E11 /* FirebaseFirestoreSwift */; };
		FAB58BAE2ABD1879006B9E11 /* FirebaseStorage in Frameworks */ = {isa = PBXBuildFile; productRef = FAB58BAD2ABD1879006B9E11 /* FirebaseStorage */; };
		FAD5FE3D2ABBD3E700E05E6E /* ZipadooApp.swift in Sources */ = {isa = PBXBuildFile; fileRef = FAD5FE3C2ABBD3E700E05E6E /* ZipadooApp.swift */; };
		FAD5FE3F2ABBD3E700E05E6E /* ContentView.swift in Sources */ = {isa = PBXBuildFile; fileRef = FAD5FE3E2ABBD3E700E05E6E /* ContentView.swift */; };
		FAD5FE412ABBD3E800E05E6E /* Assets.xcassets in Resources */ = {isa = PBXBuildFile; fileRef = FAD5FE402ABBD3E800E05E6E /* Assets.xcassets */; };
		FAD5FE442ABBD3E800E05E6E /* Preview Assets.xcassets in Resources */ = {isa = PBXBuildFile; fileRef = FAD5FE432ABBD3E800E05E6E /* Preview Assets.xcassets */; };
		FAD5FE512ABBD62600E05E6E /* test1.swift in Sources */ = {isa = PBXBuildFile; fileRef = FAD5FE502ABBD62600E05E6E /* test1.swift */; };
		FAD5FE532ABBD62D00E05E6E /* test2.swift in Sources */ = {isa = PBXBuildFile; fileRef = FAD5FE522ABBD62D00E05E6E /* test2.swift */; };
		FAD5FE552ABBD63500E05E6E /* PromiseModel.swift in Sources */ = {isa = PBXBuildFile; fileRef = FAD5FE542ABBD63500E05E6E /* PromiseModel.swift */; };
		FAD7EE662ABD86820042A55A /* TestView.swift in Sources */ = {isa = PBXBuildFile; fileRef = FAD7EE652ABD86820042A55A /* TestView.swift */; };
		FAD7EE682ABD86920042A55A /* ArriveResultView.swift in Sources */ = {isa = PBXBuildFile; fileRef = FAD7EE672ABD86920042A55A /* ArriveResultView.swift */; };
		FAD7EE6A2ABD869C0042A55A /* PromiseDetailView.swift in Sources */ = {isa = PBXBuildFile; fileRef = FAD7EE692ABD869C0042A55A /* PromiseDetailView.swift */; };
		FAD7EE6C2ABD86A70042A55A /* HomeMainView.swift in Sources */ = {isa = PBXBuildFile; fileRef = FAD7EE6B2ABD86A70042A55A /* HomeMainView.swift */; };
		FAD7EE6E2ABD86D00042A55A /* GoogleService-Info.plist in Resources */ = {isa = PBXBuildFile; fileRef = FAD7EE6D2ABD86D00042A55A /* GoogleService-Info.plist */; };
/* End PBXBuildFile section */

/* Begin PBXFileReference section */
		3F8D1B172ABD1C1C004C1B21 /* FriendsLocationStatusView.swift */ = {isa = PBXFileReference; lastKnownFileType = sourcecode.swift; path = FriendsLocationStatusView.swift; sourceTree = "<group>"; };
		8B56E9912ABBD9C3006CE010 /* .swiftlint.yml */ = {isa = PBXFileReference; lastKnownFileType = text.yaml; path = .swiftlint.yml; sourceTree = "<group>"; };
		8B7D70272ABD732900497C1E /* ProfileImageView.swift */ = {isa = PBXFileReference; lastKnownFileType = sourcecode.swift; path = ProfileImageView.swift; sourceTree = "<group>"; };
		C046071F2ABC355F006836B7 /* PromiseDetailStore.swift */ = {isa = PBXFileReference; lastKnownFileType = sourcecode.swift; path = PromiseDetailStore.swift; sourceTree = "<group>"; };
		C04BCDC82ABD89C10024B487 /* ShareView.swift */ = {isa = PBXFileReference; lastKnownFileType = sourcecode.swift; path = ShareView.swift; sourceTree = "<group>"; };
		C069D2B82AC1167800A62E04 /* Zipadoo.entitlements */ = {isa = PBXFileReference; lastKnownFileType = text.plist.entitlements; path = Zipadoo.entitlements; sourceTree = "<group>"; };
		C069D2B92AC141AC00A62E04 /* Info.plist */ = {isa = PBXFileReference; lastKnownFileType = text.plist; path = Info.plist; sourceTree = "<group>"; };
		FA7588982ABC36F50050446D /* PromiseTestData.swift */ = {isa = PBXFileReference; lastKnownFileType = sourcecode.swift; path = PromiseTestData.swift; sourceTree = "<group>"; };
		FAD5FE392ABBD3E700E05E6E /* Zipadoo.app */ = {isa = PBXFileReference; explicitFileType = wrapper.application; includeInIndex = 0; path = Zipadoo.app; sourceTree = BUILT_PRODUCTS_DIR; };
		FAD5FE3C2ABBD3E700E05E6E /* ZipadooApp.swift */ = {isa = PBXFileReference; lastKnownFileType = sourcecode.swift; path = ZipadooApp.swift; sourceTree = "<group>"; };
		FAD5FE3E2ABBD3E700E05E6E /* ContentView.swift */ = {isa = PBXFileReference; lastKnownFileType = sourcecode.swift; path = ContentView.swift; sourceTree = "<group>"; };
		FAD5FE402ABBD3E800E05E6E /* Assets.xcassets */ = {isa = PBXFileReference; lastKnownFileType = folder.assetcatalog; path = Assets.xcassets; sourceTree = "<group>"; };
		FAD5FE432ABBD3E800E05E6E /* Preview Assets.xcassets */ = {isa = PBXFileReference; lastKnownFileType = folder.assetcatalog; path = "Preview Assets.xcassets"; sourceTree = "<group>"; };
		FAD5FE502ABBD62600E05E6E /* test1.swift */ = {isa = PBXFileReference; lastKnownFileType = sourcecode.swift; path = test1.swift; sourceTree = "<group>"; };
		FAD5FE522ABBD62D00E05E6E /* test2.swift */ = {isa = PBXFileReference; lastKnownFileType = sourcecode.swift; path = test2.swift; sourceTree = "<group>"; };
		FAD5FE542ABBD63500E05E6E /* PromiseModel.swift */ = {isa = PBXFileReference; lastKnownFileType = sourcecode.swift; path = PromiseModel.swift; sourceTree = "<group>"; };
		FAD7EE652ABD86820042A55A /* TestView.swift */ = {isa = PBXFileReference; lastKnownFileType = sourcecode.swift; path = TestView.swift; sourceTree = "<group>"; };
		FAD7EE672ABD86920042A55A /* ArriveResultView.swift */ = {isa = PBXFileReference; fileEncoding = 4; lastKnownFileType = sourcecode.swift; path = ArriveResultView.swift; sourceTree = "<group>"; };
		FAD7EE692ABD869C0042A55A /* PromiseDetailView.swift */ = {isa = PBXFileReference; fileEncoding = 4; lastKnownFileType = sourcecode.swift; path = PromiseDetailView.swift; sourceTree = "<group>"; };
		FAD7EE6B2ABD86A70042A55A /* HomeMainView.swift */ = {isa = PBXFileReference; fileEncoding = 4; lastKnownFileType = sourcecode.swift; path = HomeMainView.swift; sourceTree = "<group>"; };
		FAD7EE6D2ABD86D00042A55A /* GoogleService-Info.plist */ = {isa = PBXFileReference; fileEncoding = 4; lastKnownFileType = text.plist.xml; name = "GoogleService-Info.plist"; path = "../../../../../../../Downloads/Zipadoo/GoogleService-Info.plist"; sourceTree = "<group>"; };
/* End PBXFileReference section */

/* Begin PBXFrameworksBuildPhase section */
		FAD5FE362ABBD3E700E05E6E /* Frameworks */ = {
			isa = PBXFrameworksBuildPhase;
			buildActionMask = 2147483647;
			files = (
				C069D2BC2AC145D100A62E04 /* AppsFlyerLib in Frameworks */,
				FAB58B8E2ABD1879006B9E11 /* FirebaseDatabase in Frameworks */,
				FAB58B942ABD1879006B9E11 /* FirebaseFirestore in Frameworks */,
				FAB58B982ABD1879006B9E11 /* FirebaseFirestoreSwift in Frameworks */,
				FAB58B882ABD1879006B9E11 /* FirebaseAuth in Frameworks */,
				FAB58B902ABD1879006B9E11 /* FirebaseDatabaseSwift in Frameworks */,
				FAB58BAE2ABD1879006B9E11 /* FirebaseStorage in Frameworks */,
			);
			runOnlyForDeploymentPostprocessing = 0;
		};
/* End PBXFrameworksBuildPhase section */

/* Begin PBXGroup section */
		C04607122ABC29F6006836B7 /* Home */ = {
			isa = PBXGroup;
			children = (
				3F8D1B172ABD1C1C004C1B21 /* FriendsLocationStatusView.swift */,
				FAD7EE652ABD86820042A55A /* TestView.swift */,
				FAD7EE672ABD86920042A55A /* ArriveResultView.swift */,
				FAD7EE692ABD869C0042A55A /* PromiseDetailView.swift */,
				FAD7EE6B2ABD86A70042A55A /* HomeMainView.swift */,
			);
			path = Home;
			sourceTree = "<group>";
		};
		C04607182ABC2A1F006836B7 /* Home */ = {
			isa = PBXGroup;
			children = (
				C046071F2ABC355F006836B7 /* PromiseDetailStore.swift */,
			);
			path = Home;
			sourceTree = "<group>";
		};
		FAD5FE302ABBD3E700E05E6E = {
			isa = PBXGroup;
			children = (
				FAD5FE3B2ABBD3E700E05E6E /* Zipadoo */,
				FAD5FE3A2ABBD3E700E05E6E /* Products */,
				FAD7EE642ABD86600042A55A /* Recovered References */,
			);
			sourceTree = "<group>";
		};
		FAD5FE3A2ABBD3E700E05E6E /* Products */ = {
			isa = PBXGroup;
			children = (
				FAD5FE392ABBD3E700E05E6E /* Zipadoo.app */,
			);
			name = Products;
			sourceTree = "<group>";
		};
		FAD5FE3B2ABBD3E700E05E6E /* Zipadoo */ = {
			isa = PBXGroup;
			children = (
				C069D2B92AC141AC00A62E04 /* Info.plist */,
				C069D2B82AC1167800A62E04 /* Zipadoo.entitlements */,
				FAD7EE6D2ABD86D00042A55A /* GoogleService-Info.plist */,
				FAD5FE3C2ABBD3E700E05E6E /* ZipadooApp.swift */,
				FAD5FE4D2ABBD43600E05E6E /* Extention */,
				FAD5FE4F2ABBD47A00E05E6E /* Modifier */,
				FAD5FE4A2ABBD3F900E05E6E /* Views */,
				FAD5FE4B2ABBD40500E05E6E /* Models */,
				FAD5FE4C2ABBD41600E05E6E /* ViewModels */,
				FAD5FE4E2ABBD46400E05E6E /* TestData */,
				FAD5FE402ABBD3E800E05E6E /* Assets.xcassets */,
				FAD5FE422ABBD3E800E05E6E /* Preview Content */,
				8B56E9912ABBD9C3006CE010 /* .swiftlint.yml */,
			);
			path = Zipadoo;
			sourceTree = "<group>";
		};
		FAD5FE422ABBD3E800E05E6E /* Preview Content */ = {
			isa = PBXGroup;
			children = (
				FAD5FE432ABBD3E800E05E6E /* Preview Assets.xcassets */,
			);
			path = "Preview Content";
			sourceTree = "<group>";
		};
		FAD5FE4A2ABBD3F900E05E6E /* Views */ = {
			isa = PBXGroup;
			children = (
				C04607122ABC29F6006836B7 /* Home */,
				FAD5FE3E2ABBD3E700E05E6E /* ContentView.swift */,
				8B7D70272ABD732900497C1E /* ProfileImageView.swift */,
				C04BCDC82ABD89C10024B487 /* ShareView.swift */,
			);
			path = Views;
			sourceTree = "<group>";
		};
		FAD5FE4B2ABBD40500E05E6E /* Models */ = {
			isa = PBXGroup;
			children = (
				FAD5FE542ABBD63500E05E6E /* PromiseModel.swift */,
			);
			path = Models;
			sourceTree = "<group>";
		};
		FAD5FE4C2ABBD41600E05E6E /* ViewModels */ = {
			isa = PBXGroup;
			children = (
				C04607182ABC2A1F006836B7 /* Home */,
			);
			path = ViewModels;
			sourceTree = "<group>";
		};
		FAD5FE4D2ABBD43600E05E6E /* Extention */ = {
			isa = PBXGroup;
			children = (
				FAD5FE522ABBD62D00E05E6E /* test2.swift */,
			);
			path = Extention;
			sourceTree = "<group>";
		};
		FAD5FE4E2ABBD46400E05E6E /* TestData */ = {
			isa = PBXGroup;
			children = (
				FA7588982ABC36F50050446D /* PromiseTestData.swift */,
			);
			path = TestData;
			sourceTree = "<group>";
		};
		FAD5FE4F2ABBD47A00E05E6E /* Modifier */ = {
			isa = PBXGroup;
			children = (
				FAD5FE502ABBD62600E05E6E /* test1.swift */,
			);
			path = Modifier;
			sourceTree = "<group>";
		};
		FAD7EE642ABD86600042A55A /* Recovered References */ = {
			isa = PBXGroup;
			children = (
			);
			name = "Recovered References";
			sourceTree = "<group>";
		};
/* End PBXGroup section */

/* Begin PBXNativeTarget section */
		FAD5FE382ABBD3E700E05E6E /* Zipadoo */ = {
			isa = PBXNativeTarget;
			buildConfigurationList = FAD5FE472ABBD3E800E05E6E /* Build configuration list for PBXNativeTarget "Zipadoo" */;
			buildPhases = (
				FAD5FE352ABBD3E700E05E6E /* Sources */,
				FAD5FE362ABBD3E700E05E6E /* Frameworks */,
				FAD5FE372ABBD3E700E05E6E /* Resources */,
				8B56E9902ABBD820006CE010 /* ShellScript */,
			);
			buildRules = (
			);
			dependencies = (
			);
			name = Zipadoo;
			packageProductDependencies = (
				FAB58B872ABD1879006B9E11 /* FirebaseAuth */,
				FAB58B8D2ABD1879006B9E11 /* FirebaseDatabase */,
				FAB58B8F2ABD1879006B9E11 /* FirebaseDatabaseSwift */,
				FAB58B932ABD1879006B9E11 /* FirebaseFirestore */,
				FAB58B972ABD1879006B9E11 /* FirebaseFirestoreSwift */,
				FAB58BAD2ABD1879006B9E11 /* FirebaseStorage */,
				C069D2BB2AC145D100A62E04 /* AppsFlyerLib */,
			);
			productName = Zipadoo;
			productReference = FAD5FE392ABBD3E700E05E6E /* Zipadoo.app */;
			productType = "com.apple.product-type.application";
		};
/* End PBXNativeTarget section */

/* Begin PBXProject section */
		FAD5FE312ABBD3E700E05E6E /* Project object */ = {
			isa = PBXProject;
			attributes = {
				BuildIndependentTargetsInParallel = 1;
				LastSwiftUpdateCheck = 1500;
				LastUpgradeCheck = 1500;
				TargetAttributes = {
					FAD5FE382ABBD3E700E05E6E = {
						CreatedOnToolsVersion = 15.0;
					};
				};
			};
			buildConfigurationList = FAD5FE342ABBD3E700E05E6E /* Build configuration list for PBXProject "Zipadoo" */;
			compatibilityVersion = "Xcode 14.0";
			developmentRegion = en;
			hasScannedForEncodings = 0;
			knownRegions = (
				en,
				Base,
			);
			mainGroup = FAD5FE302ABBD3E700E05E6E;
			packageReferences = (
				FAB58B7A2ABD1879006B9E11 /* XCRemoteSwiftPackageReference "firebase-ios-sdk" */,
				C069D2BA2AC145D100A62E04 /* XCRemoteSwiftPackageReference "AppsFlyerFramework" */,
			);
			productRefGroup = FAD5FE3A2ABBD3E700E05E6E /* Products */;
			projectDirPath = "";
			projectRoot = "";
			targets = (
				FAD5FE382ABBD3E700E05E6E /* Zipadoo */,
			);
		};
/* End PBXProject section */

/* Begin PBXResourcesBuildPhase section */
		FAD5FE372ABBD3E700E05E6E /* Resources */ = {
			isa = PBXResourcesBuildPhase;
			buildActionMask = 2147483647;
			files = (
				8B56E9922ABBD9C3006CE010 /* .swiftlint.yml in Resources */,
				FAD7EE6E2ABD86D00042A55A /* GoogleService-Info.plist in Resources */,
				FAD5FE442ABBD3E800E05E6E /* Preview Assets.xcassets in Resources */,
				FAD5FE412ABBD3E800E05E6E /* Assets.xcassets in Resources */,
			);
			runOnlyForDeploymentPostprocessing = 0;
		};
/* End PBXResourcesBuildPhase section */

/* Begin PBXShellScriptBuildPhase section */
		8B56E9902ABBD820006CE010 /* ShellScript */ = {
			isa = PBXShellScriptBuildPhase;
			alwaysOutOfDate = 1;
			buildActionMask = 2147483647;
			files = (
			);
			inputFileListPaths = (
			);
			inputPaths = (
			);
			outputFileListPaths = (
			);
			outputPaths = (
			);
			runOnlyForDeploymentPostprocessing = 0;
			shellPath = /bin/sh;
			shellScript = "# Type a script or drag a script file from your workspace to insert its path.\nif test -d \"/opt/homebrew/bin/\"; then\n  PATH=\"/opt/homebrew/bin/:${PATH}\"\nfi\n\nexport PATH\n\nif which swiftlint >/dev/null; then\n  swiftlint\nelse\n  echo \"warning: SwiftLint not installed, download from https://github.com/realm/SwiftLint\"\nfi\n";
		};
/* End PBXShellScriptBuildPhase section */

/* Begin PBXSourcesBuildPhase section */
		FAD5FE352ABBD3E700E05E6E /* Sources */ = {
			isa = PBXSourcesBuildPhase;
			buildActionMask = 2147483647;
			files = (
				FAD7EE6C2ABD86A70042A55A /* HomeMainView.swift in Sources */,
				FAD7EE662ABD86820042A55A /* TestView.swift in Sources */,
				FAD7EE6A2ABD869C0042A55A /* PromiseDetailView.swift in Sources */,
				8B7D70282ABD732900497C1E /* ProfileImageView.swift in Sources */,
				FAD5FE532ABBD62D00E05E6E /* test2.swift in Sources */,
				FAD5FE3F2ABBD3E700E05E6E /* ContentView.swift in Sources */,
				FAD5FE512ABBD62600E05E6E /* test1.swift in Sources */,
				C04607202ABC355F006836B7 /* PromiseDetailStore.swift in Sources */,
				FAD7EE682ABD86920042A55A /* ArriveResultView.swift in Sources */,
				FAD5FE3D2ABBD3E700E05E6E /* ZipadooApp.swift in Sources */,
				3F8D1B182ABD1C1C004C1B21 /* FriendsLocationStatusView.swift in Sources */,
				FAD5FE552ABBD63500E05E6E /* PromiseModel.swift in Sources */,
				FAD5FE552ABBD63500E05E6E /* PromiseModel.swift in Sources */,
				C04BCDC92ABD89C10024B487 /* ShareView.swift in Sources */,
				C046071E2ABC2C37006836B7 /* PromiseDetailView.swift in Sources */,
				FA7588992ABC36F50050446D /* PromiseTestData.swift in Sources */,
			);
			runOnlyForDeploymentPostprocessing = 0;
		};
/* End PBXSourcesBuildPhase section */

/* Begin XCBuildConfiguration section */
		FAD5FE452ABBD3E800E05E6E /* Debug */ = {
			isa = XCBuildConfiguration;
			buildSettings = {
				ALWAYS_SEARCH_USER_PATHS = NO;
				ASSETCATALOG_COMPILER_GENERATE_SWIFT_ASSET_SYMBOL_EXTENSIONS = YES;
				CLANG_ANALYZER_NONNULL = YES;
				CLANG_ANALYZER_NUMBER_OBJECT_CONVERSION = YES_AGGRESSIVE;
				CLANG_CXX_LANGUAGE_STANDARD = "gnu++20";
				CLANG_ENABLE_MODULES = YES;
				CLANG_ENABLE_OBJC_ARC = YES;
				CLANG_ENABLE_OBJC_WEAK = YES;
				CLANG_WARN_BLOCK_CAPTURE_AUTORELEASING = YES;
				CLANG_WARN_BOOL_CONVERSION = YES;
				CLANG_WARN_COMMA = YES;
				CLANG_WARN_CONSTANT_CONVERSION = YES;
				CLANG_WARN_DEPRECATED_OBJC_IMPLEMENTATIONS = YES;
				CLANG_WARN_DIRECT_OBJC_ISA_USAGE = YES_ERROR;
				CLANG_WARN_DOCUMENTATION_COMMENTS = YES;
				CLANG_WARN_EMPTY_BODY = YES;
				CLANG_WARN_ENUM_CONVERSION = YES;
				CLANG_WARN_INFINITE_RECURSION = YES;
				CLANG_WARN_INT_CONVERSION = YES;
				CLANG_WARN_NON_LITERAL_NULL_CONVERSION = YES;
				CLANG_WARN_OBJC_IMPLICIT_RETAIN_SELF = YES;
				CLANG_WARN_OBJC_LITERAL_CONVERSION = YES;
				CLANG_WARN_OBJC_ROOT_CLASS = YES_ERROR;
				CLANG_WARN_QUOTED_INCLUDE_IN_FRAMEWORK_HEADER = YES;
				CLANG_WARN_RANGE_LOOP_ANALYSIS = YES;
				CLANG_WARN_STRICT_PROTOTYPES = YES;
				CLANG_WARN_SUSPICIOUS_MOVE = YES;
				CLANG_WARN_UNGUARDED_AVAILABILITY = YES_AGGRESSIVE;
				CLANG_WARN_UNREACHABLE_CODE = YES;
				CLANG_WARN__DUPLICATE_METHOD_MATCH = YES;
				COPY_PHASE_STRIP = NO;
				DEBUG_INFORMATION_FORMAT = dwarf;
				ENABLE_STRICT_OBJC_MSGSEND = YES;
				ENABLE_TESTABILITY = YES;
				ENABLE_USER_SCRIPT_SANDBOXING = NO;
				GCC_C_LANGUAGE_STANDARD = gnu17;
				GCC_DYNAMIC_NO_PIC = NO;
				GCC_NO_COMMON_BLOCKS = YES;
				GCC_OPTIMIZATION_LEVEL = 0;
				GCC_PREPROCESSOR_DEFINITIONS = (
					"DEBUG=1",
					"$(inherited)",
				);
				GCC_WARN_64_TO_32_BIT_CONVERSION = YES;
				GCC_WARN_ABOUT_RETURN_TYPE = YES_ERROR;
				GCC_WARN_UNDECLARED_SELECTOR = YES;
				GCC_WARN_UNINITIALIZED_AUTOS = YES_AGGRESSIVE;
				GCC_WARN_UNUSED_FUNCTION = YES;
				GCC_WARN_UNUSED_VARIABLE = YES;
				IPHONEOS_DEPLOYMENT_TARGET = 17.0;
				LOCALIZATION_PREFERS_STRING_CATALOGS = YES;
				MTL_ENABLE_DEBUG_INFO = INCLUDE_SOURCE;
				MTL_FAST_MATH = YES;
				ONLY_ACTIVE_ARCH = YES;
				SDKROOT = iphoneos;
				SWIFT_ACTIVE_COMPILATION_CONDITIONS = "DEBUG $(inherited)";
				SWIFT_OPTIMIZATION_LEVEL = "-Onone";
			};
			name = Debug;
		};
		FAD5FE462ABBD3E800E05E6E /* Release */ = {
			isa = XCBuildConfiguration;
			buildSettings = {
				ALWAYS_SEARCH_USER_PATHS = NO;
				ASSETCATALOG_COMPILER_GENERATE_SWIFT_ASSET_SYMBOL_EXTENSIONS = YES;
				CLANG_ANALYZER_NONNULL = YES;
				CLANG_ANALYZER_NUMBER_OBJECT_CONVERSION = YES_AGGRESSIVE;
				CLANG_CXX_LANGUAGE_STANDARD = "gnu++20";
				CLANG_ENABLE_MODULES = YES;
				CLANG_ENABLE_OBJC_ARC = YES;
				CLANG_ENABLE_OBJC_WEAK = YES;
				CLANG_WARN_BLOCK_CAPTURE_AUTORELEASING = YES;
				CLANG_WARN_BOOL_CONVERSION = YES;
				CLANG_WARN_COMMA = YES;
				CLANG_WARN_CONSTANT_CONVERSION = YES;
				CLANG_WARN_DEPRECATED_OBJC_IMPLEMENTATIONS = YES;
				CLANG_WARN_DIRECT_OBJC_ISA_USAGE = YES_ERROR;
				CLANG_WARN_DOCUMENTATION_COMMENTS = YES;
				CLANG_WARN_EMPTY_BODY = YES;
				CLANG_WARN_ENUM_CONVERSION = YES;
				CLANG_WARN_INFINITE_RECURSION = YES;
				CLANG_WARN_INT_CONVERSION = YES;
				CLANG_WARN_NON_LITERAL_NULL_CONVERSION = YES;
				CLANG_WARN_OBJC_IMPLICIT_RETAIN_SELF = YES;
				CLANG_WARN_OBJC_LITERAL_CONVERSION = YES;
				CLANG_WARN_OBJC_ROOT_CLASS = YES_ERROR;
				CLANG_WARN_QUOTED_INCLUDE_IN_FRAMEWORK_HEADER = YES;
				CLANG_WARN_RANGE_LOOP_ANALYSIS = YES;
				CLANG_WARN_STRICT_PROTOTYPES = YES;
				CLANG_WARN_SUSPICIOUS_MOVE = YES;
				CLANG_WARN_UNGUARDED_AVAILABILITY = YES_AGGRESSIVE;
				CLANG_WARN_UNREACHABLE_CODE = YES;
				CLANG_WARN__DUPLICATE_METHOD_MATCH = YES;
				COPY_PHASE_STRIP = NO;
				DEBUG_INFORMATION_FORMAT = "dwarf-with-dsym";
				ENABLE_NS_ASSERTIONS = NO;
				ENABLE_STRICT_OBJC_MSGSEND = YES;
				ENABLE_USER_SCRIPT_SANDBOXING = NO;
				GCC_C_LANGUAGE_STANDARD = gnu17;
				GCC_NO_COMMON_BLOCKS = YES;
				GCC_WARN_64_TO_32_BIT_CONVERSION = YES;
				GCC_WARN_ABOUT_RETURN_TYPE = YES_ERROR;
				GCC_WARN_UNDECLARED_SELECTOR = YES;
				GCC_WARN_UNINITIALIZED_AUTOS = YES_AGGRESSIVE;
				GCC_WARN_UNUSED_FUNCTION = YES;
				GCC_WARN_UNUSED_VARIABLE = YES;
				IPHONEOS_DEPLOYMENT_TARGET = 17.0;
				LOCALIZATION_PREFERS_STRING_CATALOGS = YES;
				MTL_ENABLE_DEBUG_INFO = NO;
				MTL_FAST_MATH = YES;
				SDKROOT = iphoneos;
				SWIFT_COMPILATION_MODE = wholemodule;
				VALIDATE_PRODUCT = YES;
			};
			name = Release;
		};
		FAD5FE482ABBD3E800E05E6E /* Debug */ = {
			isa = XCBuildConfiguration;
			buildSettings = {
				ASSETCATALOG_COMPILER_APPICON_NAME = AppIcon;
				ASSETCATALOG_COMPILER_GLOBAL_ACCENT_COLOR_NAME = AccentColor;
				CODE_SIGN_ENTITLEMENTS = Zipadoo/Zipadoo.entitlements;
				CODE_SIGN_STYLE = Automatic;
				CURRENT_PROJECT_VERSION = 1;
				DEVELOPMENT_ASSET_PATHS = "\"Zipadoo/Preview Content\"";
				DEVELOPMENT_TEAM = 6R3M7VGRP2;
				ENABLE_PREVIEWS = YES;
				GENERATE_INFOPLIST_FILE = YES;
				INFOPLIST_FILE = Zipadoo/Info.plist;
				INFOPLIST_KEY_CFBundleDisplayName = Zipadoo;
				INFOPLIST_KEY_UIApplicationSceneManifest_Generation = YES;
				INFOPLIST_KEY_UIApplicationSupportsIndirectInputEvents = YES;
				INFOPLIST_KEY_UILaunchScreen_Generation = YES;
				INFOPLIST_KEY_UISupportedInterfaceOrientations_iPad = "UIInterfaceOrientationPortrait UIInterfaceOrientationPortraitUpsideDown UIInterfaceOrientationLandscapeLeft UIInterfaceOrientationLandscapeRight";
				INFOPLIST_KEY_UISupportedInterfaceOrientations_iPhone = "UIInterfaceOrientationPortrait UIInterfaceOrientationLandscapeLeft UIInterfaceOrientationLandscapeRight";
				LD_RUNPATH_SEARCH_PATHS = (
					"$(inherited)",
					"@executable_path/Frameworks",
				);
				MARKETING_VERSION = 1.0;
				PRODUCT_BUNDLE_IDENTIFIER = education.techit.zipadoo.dev;
				PRODUCT_NAME = "$(TARGET_NAME)";
				SWIFT_EMIT_LOC_STRINGS = YES;
				SWIFT_VERSION = 5.0;
				TARGETED_DEVICE_FAMILY = "1,2";
			};
			name = Debug;
		};
		FAD5FE492ABBD3E800E05E6E /* Release */ = {
			isa = XCBuildConfiguration;
			buildSettings = {
				ASSETCATALOG_COMPILER_APPICON_NAME = AppIcon;
				ASSETCATALOG_COMPILER_GLOBAL_ACCENT_COLOR_NAME = AccentColor;
				CODE_SIGN_ENTITLEMENTS = Zipadoo/Zipadoo.entitlements;
				CODE_SIGN_STYLE = Automatic;
				CURRENT_PROJECT_VERSION = 1;
				DEVELOPMENT_ASSET_PATHS = "\"Zipadoo/Preview Content\"";
				DEVELOPMENT_TEAM = 6R3M7VGRP2;
				ENABLE_PREVIEWS = YES;
				GENERATE_INFOPLIST_FILE = YES;
				INFOPLIST_FILE = Zipadoo/Info.plist;
				INFOPLIST_KEY_CFBundleDisplayName = Zipadoo;
				INFOPLIST_KEY_UIApplicationSceneManifest_Generation = YES;
				INFOPLIST_KEY_UIApplicationSupportsIndirectInputEvents = YES;
				INFOPLIST_KEY_UILaunchScreen_Generation = YES;
				INFOPLIST_KEY_UISupportedInterfaceOrientations_iPad = "UIInterfaceOrientationPortrait UIInterfaceOrientationPortraitUpsideDown UIInterfaceOrientationLandscapeLeft UIInterfaceOrientationLandscapeRight";
				INFOPLIST_KEY_UISupportedInterfaceOrientations_iPhone = "UIInterfaceOrientationPortrait UIInterfaceOrientationLandscapeLeft UIInterfaceOrientationLandscapeRight";
				LD_RUNPATH_SEARCH_PATHS = (
					"$(inherited)",
					"@executable_path/Frameworks",
				);
				MARKETING_VERSION = 1.0;
				PRODUCT_BUNDLE_IDENTIFIER = education.techit.zipadoo.dev;
				PRODUCT_NAME = "$(TARGET_NAME)";
				SWIFT_EMIT_LOC_STRINGS = YES;
				SWIFT_VERSION = 5.0;
				TARGETED_DEVICE_FAMILY = "1,2";
			};
			name = Release;
		};
/* End XCBuildConfiguration section */

/* Begin XCConfigurationList section */
		FAD5FE342ABBD3E700E05E6E /* Build configuration list for PBXProject "Zipadoo" */ = {
			isa = XCConfigurationList;
			buildConfigurations = (
				FAD5FE452ABBD3E800E05E6E /* Debug */,
				FAD5FE462ABBD3E800E05E6E /* Release */,
			);
			defaultConfigurationIsVisible = 0;
			defaultConfigurationName = Release;
		};
		FAD5FE472ABBD3E800E05E6E /* Build configuration list for PBXNativeTarget "Zipadoo" */ = {
			isa = XCConfigurationList;
			buildConfigurations = (
				FAD5FE482ABBD3E800E05E6E /* Debug */,
				FAD5FE492ABBD3E800E05E6E /* Release */,
			);
			defaultConfigurationIsVisible = 0;
			defaultConfigurationName = Release;
		};
/* End XCConfigurationList section */

/* Begin XCRemoteSwiftPackageReference section */
		C069D2BA2AC145D100A62E04 /* XCRemoteSwiftPackageReference "AppsFlyerFramework" */ = {
			isa = XCRemoteSwiftPackageReference;
			repositoryURL = "https://github.com/AppsFlyerSDK/AppsFlyerFramework";
			requirement = {
				kind = upToNextMinorVersion;
				minimumVersion = 6.12.2;
			};
		};
		FAB58B7A2ABD1879006B9E11 /* XCRemoteSwiftPackageReference "firebase-ios-sdk" */ = {
			isa = XCRemoteSwiftPackageReference;
			repositoryURL = "https://github.com/firebase/firebase-ios-sdk";
			requirement = {
				kind = upToNextMajorVersion;
				minimumVersion = 10.15.0;
			};
		};
/* End XCRemoteSwiftPackageReference section */

/* Begin XCSwiftPackageProductDependency section */
		C069D2BB2AC145D100A62E04 /* AppsFlyerLib */ = {
			isa = XCSwiftPackageProductDependency;
			package = C069D2BA2AC145D100A62E04 /* XCRemoteSwiftPackageReference "AppsFlyerFramework" */;
			productName = AppsFlyerLib;
		};
		FAB58B872ABD1879006B9E11 /* FirebaseAuth */ = {
			isa = XCSwiftPackageProductDependency;
			package = FAB58B7A2ABD1879006B9E11 /* XCRemoteSwiftPackageReference "firebase-ios-sdk" */;
			productName = FirebaseAuth;
		};
		FAB58B8D2ABD1879006B9E11 /* FirebaseDatabase */ = {
			isa = XCSwiftPackageProductDependency;
			package = FAB58B7A2ABD1879006B9E11 /* XCRemoteSwiftPackageReference "firebase-ios-sdk" */;
			productName = FirebaseDatabase;
		};
		FAB58B8F2ABD1879006B9E11 /* FirebaseDatabaseSwift */ = {
			isa = XCSwiftPackageProductDependency;
			package = FAB58B7A2ABD1879006B9E11 /* XCRemoteSwiftPackageReference "firebase-ios-sdk" */;
			productName = FirebaseDatabaseSwift;
		};
		FAB58B932ABD1879006B9E11 /* FirebaseFirestore */ = {
			isa = XCSwiftPackageProductDependency;
			package = FAB58B7A2ABD1879006B9E11 /* XCRemoteSwiftPackageReference "firebase-ios-sdk" */;
			productName = FirebaseFirestore;
		};
		FAB58B972ABD1879006B9E11 /* FirebaseFirestoreSwift */ = {
			isa = XCSwiftPackageProductDependency;
			package = FAB58B7A2ABD1879006B9E11 /* XCRemoteSwiftPackageReference "firebase-ios-sdk" */;
			productName = FirebaseFirestoreSwift;
		};
		FAB58BAD2ABD1879006B9E11 /* FirebaseStorage */ = {
			isa = XCSwiftPackageProductDependency;
			package = FAB58B7A2ABD1879006B9E11 /* XCRemoteSwiftPackageReference "firebase-ios-sdk" */;
			productName = FirebaseStorage;
		};
/* End XCSwiftPackageProductDependency section */
	};
	rootObject = FAD5FE312ABBD3E700E05E6E /* Project object */;
}
